
Microsoft Visual Studio Solution File, Format Version 12.00
# Visual Studio Version 16
VisualStudioVersion = 16.0.30804.86
MinimumVisualStudioVersion = 10.0.40219.1
Project("{9A19103F-16F7-4668-BE54-9A1E7A4F7556}") = "Wheel of Fortune", "WheelofFortune\Wheel of Fortune.csproj", "{66688C92-DC1A-4DFD-88FB-D0DED709A7C9}"
EndProject
Project("{FAE04EC0-301F-11D3-BF4B-00C04F79EFBC}") = "WheelofFortune_Tests", "WheelofFortune_Tests\WheelofFortune_Tests.csproj", "{1E5825C4-AA01-4DA3-835D-1818006AF5A2}"
EndProject
Global
	GlobalSection(SolutionConfigurationPlatforms) = preSolution
		Debug|Any CPU = Debug|Any CPU
		Release|Any CPU = Release|Any CPU
	EndGlobalSection
	GlobalSection(ProjectConfigurationPlatforms) = postSolution
		{66688C92-DC1A-4DFD-88FB-D0DED709A7C9}.Debug|Any CPU.ActiveCfg = Debug|Any CPU
		{66688C92-DC1A-4DFD-88FB-D0DED709A7C9}.Debug|Any CPU.Build.0 = Debug|Any CPU
		{66688C92-DC1A-4DFD-88FB-D0DED709A7C9}.Release|Any CPU.ActiveCfg = Release|Any CPU
		{66688C92-DC1A-4DFD-88FB-D0DED709A7C9}.Release|Any CPU.Build.0 = Release|Any CPU
		{1E5825C4-AA01-4DA3-835D-1818006AF5A2}.Debug|Any CPU.ActiveCfg = Debug|Any CPU
		{1E5825C4-AA01-4DA3-835D-1818006AF5A2}.Debug|Any CPU.Build.0 = Debug|Any CPU
		{1E5825C4-AA01-4DA3-835D-1818006AF5A2}.Release|Any CPU.ActiveCfg = Release|Any CPU
		{1E5825C4-AA01-4DA3-835D-1818006AF5A2}.Release|Any CPU.Build.0 = Release|Any CPU
	EndGlobalSection
	GlobalSection(SolutionProperties) = preSolution
		HideSolutionNode = FALSE
	EndGlobalSection
	GlobalSection(ExtensibilityGlobals) = postSolution
		SolutionGuid = {2AAF00CE-671D-4E7E-A0D2-2FAB3810EFAD}
	EndGlobalSection
EndGlobal
